# This file was autogenerated by Stack.
# You should not edit this file by hand.
# For more information, please see the documentation at:
#   https://docs.haskellstack.org/en/stable/lock_files

packages:
- completed:
    hackage: HDBC-sqlite3-2.3.3.1@sha256:5025fd94d02b9b3f0b8b8233796dd9a85a0b3dda6503c6e671e3eddbc51cb4d4,2424
    pantry-tree:
      size: 1427
      sha256: 76e71f73502350ed3fe5fc64604a21a3c8027d49fe6846183d53dbdaf583437a
  original:
    hackage: HDBC-sqlite3-2.3.3.1
- completed:
    hackage: relational-query-0.8.4.0@sha256:db6d8a2f7916f73164eeb18572ff5419ad61f4d3aa01de190c4d5ec06ae47fcd,5915
    pantry-tree:
      size: 4304
      sha256: 3e975b487624c2803f6220797e919f986ced2206d752ee35223b87cb00347666
  original:
    hackage: relational-query-0.8.4.0
- completed:
    hackage: relational-query-HDBC-0.6.0.3@sha256:e596e35967f1f7eff8ae4f7c835445d0bb697ef6665ba52fe3aa9f0df6d2be45,3237
    pantry-tree:
      size: 1674
      sha256: 596069ab079a37c96fa4cee10e80166263f2786a628cd3b35bc85bb46c2072f2
  original:
    hackage: relational-query-HDBC-0.6.0.3
- completed:
    hackage: persistable-record-0.4.2.0@sha256:8ef265c0929f4eb08158db349cab96ba3873cc61cfa1516b1f396803066d27e4,2385
    pantry-tree:
      size: 713
      sha256: 46666d0e920e0020dec6d78f48d758e75546908ca7ededa3608306b7292a61a2
  original:
    hackage: persistable-record-0.4.2.0
- completed:
    hackage: names-th-0.2.0.3@sha256:a41b3932178df5e72af9c22a94577915ffb018b381ab2af927007c229287a250,1467
    pantry-tree:
      size: 311
      sha256: d1fe8697ca59e0df9ee58fda2c41ce6705fe65cc475e686dbfcec3c3bf9719b4
  original:
    hackage: names-th-0.2.0.3
- completed:
    hackage: relational-schemas-0.1.3.1@sha256:0f69bbc05aaa50ef00ca00de4a4cf8274e60dd71d48e4df337dcb456bda5a354,4380
    pantry-tree:
      size: 3259
      sha256: 1ef82cffe68b76c0b507945811514b4e51b7bb8732d519f66e295b6d11715b1c
  original:
    hackage: relational-schemas-0.1.3.1
- completed:
    hackage: Spock-0.14.0.0@sha256:7e86ccc9e66ce0fdb84d1dcd328f852d3754c2dbfcb60d0e7e2f1cce2f32f177,3681
    pantry-tree:
      size: 1118
      sha256: 6829dae9ba2492fae3e447afe13013dd863bd48fd5b8addfa74fc55d979de7b2
  original:
    hackage: Spock-0.14.0.0
- completed:
    hackage: Spock-core-0.14.0.0@sha256:b55935c2c2a259a9966999239ee6ec5e41f7d933a58baade687ffa4b4a46fe32,3457
    pantry-tree:
      size: 1113
      sha256: c89cd43f14dd0cc960627f13e5bbc027172f0be85f277f998f06266d48ab8367
  original:
    hackage: Spock-core-0.14.0.0
- completed:
    hackage: reroute-0.6.0.0@sha256:43805b3fdc7ed1ba701cd10e249abc997b2291c8f374b8333bb2ea0e0d1dad0b,2382
    pantry-tree:
      size: 660
      sha256: 0a27afabb1730147d6aa0ddf5cc6368951c4625e3706cb8f5388da9739372fa3
  original:
    hackage: reroute-0.6.0.0
- completed:
    hackage: stm-containers-1.2@sha256:a887f2e7692b7cf20e0b081e2d66e21076e2bd4b57016ec59c484edfa2d29397,3244
    pantry-tree:
      size: 761
      sha256: 20b1076bdb121347ccc512a67df697eed34815a8e35279b6b9a0951963b1eba2
  original:
    hackage: stm-containers-1.2
- completed:
    hackage: focus-1.0.1.4@sha256:fb2da753531be62e81da10eefbb6cd91d55b60612c3bbd6d82855664347da2fd,2647
    pantry-tree:
      size: 325
      sha256: 0f76ffc78fb23e36c63e8a3e66d09d9e072bd891054adfff48b1983727d2394d
  original:
    hackage: focus-1.0.1.4
- completed:
    hackage: stm-hamt-1.2.0.4@sha256:7957497c022554b7599e790696d1a3e56359ad99e5da36a251894c626ca1f60a,3970
    pantry-tree:
      size: 1009
      sha256: d9a8be48da86bd4a2ba9d52ea29b9a74f1b686d439ba1bbfba04ab1a002391da
  original:
    hackage: stm-hamt-1.2.0.4
- completed:
    hackage: primitive-extras-0.8@sha256:fca0310150496867f5b9421fe1541ecda87fae17eae44885a29f9c52dd00c8ff,2963
    pantry-tree:
      size: 1105
      sha256: e7c1d26202b80d1fca2ef780ec7fe76ede1275f4d9a996c6d44c08d8de1c45db
  original:
    hackage: primitive-extras-0.8
- completed:
    hackage: primitive-unlifted-0.1.3.0@sha256:a98f827740f5dcf097d885b3a47c32f4462204449620abc9d51b8c4f8619f9e6,1427
    pantry-tree:
      size: 420
      sha256: c882dca2a96b98d02b0d21875b651edb11ac67d90e736c0de7a92c410a19eb7f
  original:
    hackage: primitive-unlifted-0.1.3.0
snapshots:
- completed:
    size: 563103
    url: https://raw.githubusercontent.com/commercialhaskell/stackage-snapshots/master/lts/17/4.yaml
    sha256: f11e2153044f5f71ea7b1c9398f4721f517c9bd37642ed769647b896564021f3
  original:
    url: https://raw.githubusercontent.com/commercialhaskell/stackage-snapshots/master/lts/17/4.yaml
